
Microsoft Visual Studio Solution File, Format Version 12.00
# Visual Studio 15
VisualStudioVersion = 15.0.27004.2005
MinimumVisualStudioVersion = 10.0.40219.1
Project("{FAE04EC0-301F-11D3-BF4B-00C04F79EFBC}") = "HomeCaseCS_Lesson3_2", "HomeCaseCS_Lesson3_2.csproj", "{15D52C4A-99B7-4D1C-9E84-EE174ED82ABE}"
EndProject
Global
	GlobalSection(SolutionConfigurationPlatforms) = preSolution
		Debug|Any CPU = Debug|Any CPU
		Release|Any CPU = Release|Any CPU
	EndGlobalSection
	GlobalSection(ProjectConfigurationPlatforms) = postSolution
		{15D52C4A-99B7-4D1C-9E84-EE174ED82ABE}.Debug|Any CPU.ActiveCfg = Debug|Any CPU
		{15D52C4A-99B7-4D1C-9E84-EE174ED82ABE}.Debug|Any CPU.Build.0 = Debug|Any CPU
		{15D52C4A-99B7-4D1C-9E84-EE174ED82ABE}.Release|Any CPU.ActiveCfg = Release|Any CPU
		{15D52C4A-99B7-4D1C-9E84-EE174ED82ABE}.Release|Any CPU.Build.0 = Release|Any CPU
	EndGlobalSection
	GlobalSection(SolutionProperties) = preSolution
		HideSolutionNode = FALSE
	EndGlobalSection
	GlobalSection(ExtensibilityGlobals) = postSolution
		SolutionGuid = {1C64DDBF-B19C-41DB-A532-BC52F3302215}
	EndGlobalSection
EndGlobal
